
Microsoft Visual Studio Solution File, Format Version 12.00
# Visual Studio 15
VisualStudioVersion = 15.0.27703.2047
MinimumVisualStudioVersion = 10.0.40219.1
Project("{9A19103F-16F7-4668-BE54-9A1E7A4F7556}") = "HeroesRandomiser.Web", "HeroesRandomiser.Web\HeroesRandomiser.Web.csproj", "{E9AC36B8-C799-4E1F-9C52-BB4EDF1B3DF7}"
EndProject
Project("{9A19103F-16F7-4668-BE54-9A1E7A4F7556}") = "HeroesRandomiser.Prismic", "HeroesRandomiser.Prismic\HeroesRandomiser.Prismic.csproj", "{96536212-E181-4580-B270-A04EED6813D5}"
EndProject
Project("{9A19103F-16F7-4668-BE54-9A1E7A4F7556}") = "HeroesRandomiser.ContentTypes", "HeroesRandomiser.ContentTypes\HeroesRandomiser.ContentTypes.csproj", "{BAB614E2-2ABB-4CD1-8799-49DBD9B045D3}"
EndProject
Project("{FAE04EC0-301F-11D3-BF4B-00C04F79EFBC}") = "HeroesRandomiser.Tests", "HeroesRandomiser.Tests\HeroesRandomiser.Tests.csproj", "{E2897A42-E7B0-4DA4-9A0B-D7D970041543}"
EndProject
Global
	GlobalSection(SolutionConfigurationPlatforms) = preSolution
		Debug|Any CPU = Debug|Any CPU
		Release|Any CPU = Release|Any CPU
	EndGlobalSection
	GlobalSection(ProjectConfigurationPlatforms) = postSolution
		{E9AC36B8-C799-4E1F-9C52-BB4EDF1B3DF7}.Debug|Any CPU.ActiveCfg = Debug|Any CPU
		{E9AC36B8-C799-4E1F-9C52-BB4EDF1B3DF7}.Debug|Any CPU.Build.0 = Debug|Any CPU
		{E9AC36B8-C799-4E1F-9C52-BB4EDF1B3DF7}.Release|Any CPU.ActiveCfg = Release|Any CPU
		{E9AC36B8-C799-4E1F-9C52-BB4EDF1B3DF7}.Release|Any CPU.Build.0 = Release|Any CPU
		{96536212-E181-4580-B270-A04EED6813D5}.Debug|Any CPU.ActiveCfg = Debug|Any CPU
		{96536212-E181-4580-B270-A04EED6813D5}.Debug|Any CPU.Build.0 = Debug|Any CPU
		{96536212-E181-4580-B270-A04EED6813D5}.Release|Any CPU.ActiveCfg = Release|Any CPU
		{96536212-E181-4580-B270-A04EED6813D5}.Release|Any CPU.Build.0 = Release|Any CPU
		{BAB614E2-2ABB-4CD1-8799-49DBD9B045D3}.Debug|Any CPU.ActiveCfg = Debug|Any CPU
		{BAB614E2-2ABB-4CD1-8799-49DBD9B045D3}.Debug|Any CPU.Build.0 = Debug|Any CPU
		{BAB614E2-2ABB-4CD1-8799-49DBD9B045D3}.Release|Any CPU.ActiveCfg = Release|Any CPU
		{BAB614E2-2ABB-4CD1-8799-49DBD9B045D3}.Release|Any CPU.Build.0 = Release|Any CPU
		{E2897A42-E7B0-4DA4-9A0B-D7D970041543}.Debug|Any CPU.ActiveCfg = Debug|Any CPU
		{E2897A42-E7B0-4DA4-9A0B-D7D970041543}.Debug|Any CPU.Build.0 = Debug|Any CPU
		{E2897A42-E7B0-4DA4-9A0B-D7D970041543}.Release|Any CPU.ActiveCfg = Release|Any CPU
		{E2897A42-E7B0-4DA4-9A0B-D7D970041543}.Release|Any CPU.Build.0 = Release|Any CPU
	EndGlobalSection
	GlobalSection(SolutionProperties) = preSolution
		HideSolutionNode = FALSE
	EndGlobalSection
	GlobalSection(ExtensibilityGlobals) = postSolution
		SolutionGuid = {AA1AD03B-C9F8-49B5-9D08-805759D076C2}
	EndGlobalSection
EndGlobal
